
Microsoft Visual Studio Solution File, Format Version 12.00
# Visual Studio 15
Project("{FAE04EC0-301F-11D3-BF4B-00C04F79EFBC}") = "Den.Tools", "Den.Tools.csproj", "{267EEC83-6544-0DB7-82FB-3AAE411EE13D}"
EndProject
Project("{FAE04EC0-301F-11D3-BF4B-00C04F79EFBC}") = "MapMagic.Editor", "MapMagic.Editor.csproj", "{D2A8ED61-BE26-0057-9556-43EE9FEBD500}"
EndProject
Project("{FAE04EC0-301F-11D3-BF4B-00C04F79EFBC}") = "Assembly-CSharp", "Assembly-CSharp.csproj", "{582A3E42-DAFB-A696-EA20-1F253216CE71}"
EndProject
Project("{FAE04EC0-301F-11D3-BF4B-00C04F79EFBC}") = "MapMagic", "MapMagic.csproj", "{75899863-F94A-90D5-FC59-51B93B1878CA}"
EndProject
Project("{FAE04EC0-301F-11D3-BF4B-00C04F79EFBC}") = "Den.Tools.Editor", "Den.Tools.Editor.csproj", "{EFC0C8A7-2213-8BFD-02D0-C6252EDC3667}"
EndProject
Project("{FAE04EC0-301F-11D3-BF4B-00C04F79EFBC}") = "Assembly-CSharp-firstpass", "Assembly-CSharp-firstpass.csproj", "{9FFD8274-DA62-3D45-FB04-5279010E9F75}"
EndProject
Project("{FAE04EC0-301F-11D3-BF4B-00C04F79EFBC}") = "Unity.StarterAssets", "Unity.StarterAssets.csproj", "{41A20671-4FFB-4C7F-E01A-2957BF706208}"
EndProject
Project("{FAE04EC0-301F-11D3-BF4B-00C04F79EFBC}") = "MapMagic.Settings", "MapMagic.Settings.csproj", "{42295BC3-D66F-9BAD-8098-263B098D7587}"
EndProject
Project("{FAE04EC0-301F-11D3-BF4B-00C04F79EFBC}") = "Assembly-CSharp-Editor", "Assembly-CSharp-Editor.csproj", "{19441A02-938B-B01C-613A-E3A7485D620E}"
EndProject
Project("{FAE04EC0-301F-11D3-BF4B-00C04F79EFBC}") = "Unity.StarterAssets.Editor", "Unity.StarterAssets.Editor.csproj", "{7489B38F-FE9D-BA3B-56BE-6EC0F8E966E6}"
EndProject
Project("{FAE04EC0-301F-11D3-BF4B-00C04F79EFBC}") = "Unity.[YourPackageName].[SubGroup].Editor.Tests", "Unity.[YourPackageName].[SubGroup].Editor.Tests.csproj", "{9A97713C-9E9C-92C6-EF90-6714C54C791F}"
EndProject
Project("{FAE04EC0-301F-11D3-BF4B-00C04F79EFBC}") = "Unity.[YourPackageName].[SubGroup].Tests", "Unity.[YourPackageName].[SubGroup].Tests.csproj", "{0D1A7853-98F8-F2C3-F7DB-D67059AEEF9C}"
EndProject
Project("{FAE04EC0-301F-11D3-BF4B-00C04F79EFBC}") = "URPWizard", "URPWizard.csproj", "{9A3637C0-39C9-FEFB-CDCA-37CF7C7FF12B}"
EndProject
Global
	GlobalSection(SolutionConfigurationPlatforms) = preSolution
		Debug|Any CPU = Debug|Any CPU
		Release|Any CPU = Release|Any CPU
	EndGlobalSection
	GlobalSection(ProjectConfigurationPlatforms) = postSolution
		{267EEC83-6544-0DB7-82FB-3AAE411EE13D}.Debug|Any CPU.ActiveCfg = Debug|Any CPU
		{267EEC83-6544-0DB7-82FB-3AAE411EE13D}.Debug|Any CPU.Build.0 = Debug|Any CPU
		{267EEC83-6544-0DB7-82FB-3AAE411EE13D}.Release|Any CPU.ActiveCfg = Release|Any CPU
		{267EEC83-6544-0DB7-82FB-3AAE411EE13D}.Release|Any CPU.Build.0 = Release|Any CPU
		{D2A8ED61-BE26-0057-9556-43EE9FEBD500}.Debug|Any CPU.ActiveCfg = Debug|Any CPU
		{D2A8ED61-BE26-0057-9556-43EE9FEBD500}.Debug|Any CPU.Build.0 = Debug|Any CPU
		{D2A8ED61-BE26-0057-9556-43EE9FEBD500}.Release|Any CPU.ActiveCfg = Release|Any CPU
		{D2A8ED61-BE26-0057-9556-43EE9FEBD500}.Release|Any CPU.Build.0 = Release|Any CPU
		{582A3E42-DAFB-A696-EA20-1F253216CE71}.Debug|Any CPU.ActiveCfg = Debug|Any CPU
		{582A3E42-DAFB-A696-EA20-1F253216CE71}.Debug|Any CPU.Build.0 = Debug|Any CPU
		{582A3E42-DAFB-A696-EA20-1F253216CE71}.Release|Any CPU.ActiveCfg = Release|Any CPU
		{582A3E42-DAFB-A696-EA20-1F253216CE71}.Release|Any CPU.Build.0 = Release|Any CPU
		{75899863-F94A-90D5-FC59-51B93B1878CA}.Debug|Any CPU.ActiveCfg = Debug|Any CPU
		{75899863-F94A-90D5-FC59-51B93B1878CA}.Debug|Any CPU.Build.0 = Debug|Any CPU
		{75899863-F94A-90D5-FC59-51B93B1878CA}.Release|Any CPU.ActiveCfg = Release|Any CPU
		{75899863-F94A-90D5-FC59-51B93B1878CA}.Release|Any CPU.Build.0 = Release|Any CPU
		{EFC0C8A7-2213-8BFD-02D0-C6252EDC3667}.Debug|Any CPU.ActiveCfg = Debug|Any CPU
		{EFC0C8A7-2213-8BFD-02D0-C6252EDC3667}.Debug|Any CPU.Build.0 = Debug|Any CPU
		{EFC0C8A7-2213-8BFD-02D0-C6252EDC3667}.Release|Any CPU.ActiveCfg = Release|Any CPU
		{EFC0C8A7-2213-8BFD-02D0-C6252EDC3667}.Release|Any CPU.Build.0 = Release|Any CPU
		{9FFD8274-DA62-3D45-FB04-5279010E9F75}.Debug|Any CPU.ActiveCfg = Debug|Any CPU
		{9FFD8274-DA62-3D45-FB04-5279010E9F75}.Debug|Any CPU.Build.0 = Debug|Any CPU
		{9FFD8274-DA62-3D45-FB04-5279010E9F75}.Release|Any CPU.ActiveCfg = Release|Any CPU
		{9FFD8274-DA62-3D45-FB04-5279010E9F75}.Release|Any CPU.Build.0 = Release|Any CPU
		{41A20671-4FFB-4C7F-E01A-2957BF706208}.Debug|Any CPU.ActiveCfg = Debug|Any CPU
		{41A20671-4FFB-4C7F-E01A-2957BF706208}.Debug|Any CPU.Build.0 = Debug|Any CPU
		{41A20671-4FFB-4C7F-E01A-2957BF706208}.Release|Any CPU.ActiveCfg = Release|Any CPU
		{41A20671-4FFB-4C7F-E01A-2957BF706208}.Release|Any CPU.Build.0 = Release|Any CPU
		{42295BC3-D66F-9BAD-8098-263B098D7587}.Debug|Any CPU.ActiveCfg = Debug|Any CPU
		{42295BC3-D66F-9BAD-8098-263B098D7587}.Debug|Any CPU.Build.0 = Debug|Any CPU
		{42295BC3-D66F-9BAD-8098-263B098D7587}.Release|Any CPU.ActiveCfg = Release|Any CPU
		{42295BC3-D66F-9BAD-8098-263B098D7587}.Release|Any CPU.Build.0 = Release|Any CPU
		{19441A02-938B-B01C-613A-E3A7485D620E}.Debug|Any CPU.ActiveCfg = Debug|Any CPU
		{19441A02-938B-B01C-613A-E3A7485D620E}.Debug|Any CPU.Build.0 = Debug|Any CPU
		{19441A02-938B-B01C-613A-E3A7485D620E}.Release|Any CPU.ActiveCfg = Release|Any CPU
		{19441A02-938B-B01C-613A-E3A7485D620E}.Release|Any CPU.Build.0 = Release|Any CPU
		{7489B38F-FE9D-BA3B-56BE-6EC0F8E966E6}.Debug|Any CPU.ActiveCfg = Debug|Any CPU
		{7489B38F-FE9D-BA3B-56BE-6EC0F8E966E6}.Debug|Any CPU.Build.0 = Debug|Any CPU
		{7489B38F-FE9D-BA3B-56BE-6EC0F8E966E6}.Release|Any CPU.ActiveCfg = Release|Any CPU
		{7489B38F-FE9D-BA3B-56BE-6EC0F8E966E6}.Release|Any CPU.Build.0 = Release|Any CPU
		{9A97713C-9E9C-92C6-EF90-6714C54C791F}.Debug|Any CPU.ActiveCfg = Debug|Any CPU
		{9A97713C-9E9C-92C6-EF90-6714C54C791F}.Debug|Any CPU.Build.0 = Debug|Any CPU
		{9A97713C-9E9C-92C6-EF90-6714C54C791F}.Release|Any CPU.ActiveCfg = Release|Any CPU
		{9A97713C-9E9C-92C6-EF90-6714C54C791F}.Release|Any CPU.Build.0 = Release|Any CPU
		{0D1A7853-98F8-F2C3-F7DB-D67059AEEF9C}.Debug|Any CPU.ActiveCfg = Debug|Any CPU
		{0D1A7853-98F8-F2C3-F7DB-D67059AEEF9C}.Debug|Any CPU.Build.0 = Debug|Any CPU
		{0D1A7853-98F8-F2C3-F7DB-D67059AEEF9C}.Release|Any CPU.ActiveCfg = Release|Any CPU
		{0D1A7853-98F8-F2C3-F7DB-D67059AEEF9C}.Release|Any CPU.Build.0 = Release|Any CPU
		{9A3637C0-39C9-FEFB-CDCA-37CF7C7FF12B}.Debug|Any CPU.ActiveCfg = Debug|Any CPU
		{9A3637C0-39C9-FEFB-CDCA-37CF7C7FF12B}.Debug|Any CPU.Build.0 = Debug|Any CPU
		{9A3637C0-39C9-FEFB-CDCA-37CF7C7FF12B}.Release|Any CPU.ActiveCfg = Release|Any CPU
		{9A3637C0-39C9-FEFB-CDCA-37CF7C7FF12B}.Release|Any CPU.Build.0 = Release|Any CPU
	EndGlobalSection
	GlobalSection(SolutionProperties) = preSolution
		HideSolutionNode = FALSE
	EndGlobalSection
EndGlobal
